
Microsoft Visual Studio Solution File, Format Version 12.00
# Visual Studio 15
VisualStudioVersion = 15.0.27428.2005
MinimumVisualStudioVersion = 10.0.40219.1
Project("{8BC9CEB8-8B4A-11D0-8D11-00A0C91BC942}") = "ex_1_sem_2_new", "ex_1_sem_2_new\ex_1_sem_2_new.vcxproj", "{7FD6F257-C3E8-40AC-88B9-8B5548EAC4F6}"
EndProject
Project("{8BC9CEB8-8B4A-11D0-8D11-00A0C91BC942}") = "UnitTest1", "UnitTest1\UnitTest1.vcxproj", "{E08A512A-9D38-40ED-9D50-28532227AD01}"
EndProject
Global
	GlobalSection(SolutionConfigurationPlatforms) = preSolution
		Debug|x64 = Debug|x64
		Debug|x86 = Debug|x86
		Release|x64 = Release|x64
		Release|x86 = Release|x86
	EndGlobalSection
	GlobalSection(ProjectConfigurationPlatforms) = postSolution
		{7FD6F257-C3E8-40AC-88B9-8B5548EAC4F6}.Debug|x64.ActiveCfg = Debug|x64
		{7FD6F257-C3E8-40AC-88B9-8B5548EAC4F6}.Debug|x64.Build.0 = Debug|x64
		{7FD6F257-C3E8-40AC-88B9-8B5548EAC4F6}.Debug|x86.ActiveCfg = Debug|Win32
		{7FD6F257-C3E8-40AC-88B9-8B5548EAC4F6}.Debug|x86.Build.0 = Debug|Win32
		{7FD6F257-C3E8-40AC-88B9-8B5548EAC4F6}.Release|x64.ActiveCfg = Release|x64
		{7FD6F257-C3E8-40AC-88B9-8B5548EAC4F6}.Release|x64.Build.0 = Release|x64
		{7FD6F257-C3E8-40AC-88B9-8B5548EAC4F6}.Release|x86.ActiveCfg = Release|Win32
		{7FD6F257-C3E8-40AC-88B9-8B5548EAC4F6}.Release|x86.Build.0 = Release|Win32
		{E08A512A-9D38-40ED-9D50-28532227AD01}.Debug|x64.ActiveCfg = Debug|x64
		{E08A512A-9D38-40ED-9D50-28532227AD01}.Debug|x64.Build.0 = Debug|x64
		{E08A512A-9D38-40ED-9D50-28532227AD01}.Debug|x86.ActiveCfg = Debug|Win32
		{E08A512A-9D38-40ED-9D50-28532227AD01}.Debug|x86.Build.0 = Debug|Win32
		{E08A512A-9D38-40ED-9D50-28532227AD01}.Release|x64.ActiveCfg = Release|x64
		{E08A512A-9D38-40ED-9D50-28532227AD01}.Release|x64.Build.0 = Release|x64
		{E08A512A-9D38-40ED-9D50-28532227AD01}.Release|x86.ActiveCfg = Release|Win32
		{E08A512A-9D38-40ED-9D50-28532227AD01}.Release|x86.Build.0 = Release|Win32
	EndGlobalSection
	GlobalSection(SolutionProperties) = preSolution
		HideSolutionNode = FALSE
	EndGlobalSection
	GlobalSection(ExtensibilityGlobals) = postSolution
		SolutionGuid = {2969A867-CDC9-4BA0-AB3E-21590D77B770}
	EndGlobalSection
EndGlobal
